{
  "name": "apex-bootstrap4",
  "version": "0.0.2",
  "lockfileVersion": 1,
  "requires": true,
  "dependencies": {
    "bootstrap": {
      "version": "4.0.0",
      "resolved": "https://registry.npmjs.org/bootstrap/-/bootstrap-4.0.0.tgz",
      "integrity": "sha512-gulJE5dGFo6Q61V/whS6VM4WIyrlydXfCgkE+Gxe5hjrJ8rXLLZlALq7zq2RPhOc45PSwQpJkrTnc2KgD6cvmA=="
    },
    "knockout": {
      "version": "3.4.2",
      "resolved": "https://registry.npmjs.org/knockout/-/knockout-3.4.2.tgz",
      "integrity": "sha1-6HlY3netHpNvfOZFuri118RW2Tc="
    },
    "knockout-pre-rendered": {
      "version": "0.9.1",
      "resolved": "https://registry.npmjs.org/knockout-pre-rendered/-/knockout-pre-rendered-0.9.1.tgz",
      "integrity": "sha512-RUwQv8D4NOqa0qbhVgkaXNG8PiNrj8uu5K6XFdUcL3P7u1gGMAN5LxaHSmPjikYOTs3Xm3vTWVe65x0uXn6pLw==",
      "requires": {
        "knockout": "3.4.2"
      }
    }
  }
}
